
Microsoft Visual Studio Solution File, Format Version 12.00
# Visual Studio Express 2012 for Windows Desktop
Project("{FAE04EC0-301F-11D3-BF4B-00C04F79EFBC}") = "HelloNew", "HelloNew\HelloNew.csproj", "{5D16C3C8-DE89-45D7-8FE1-6621BF11B6DB}"
EndProject
Project("{FAE04EC0-301F-11D3-BF4B-00C04F79EFBC}") = "CalculatorTests", "CalculatorTests\CalculatorTests.csproj", "{388DF4DE-096A-4DEC-B876-D6A61EFCE2E4}"
EndProject
Global
	GlobalSection(SolutionConfigurationPlatforms) = preSolution
		Debug|Any CPU = Debug|Any CPU
		Release|Any CPU = Release|Any CPU
	EndGlobalSection
	GlobalSection(ProjectConfigurationPlatforms) = postSolution
		{5D16C3C8-DE89-45D7-8FE1-6621BF11B6DB}.Debug|Any CPU.ActiveCfg = Debug|Any CPU
		{5D16C3C8-DE89-45D7-8FE1-6621BF11B6DB}.Debug|Any CPU.Build.0 = Debug|Any CPU
		{5D16C3C8-DE89-45D7-8FE1-6621BF11B6DB}.Release|Any CPU.ActiveCfg = Release|Any CPU
		{5D16C3C8-DE89-45D7-8FE1-6621BF11B6DB}.Release|Any CPU.Build.0 = Release|Any CPU
		{388DF4DE-096A-4DEC-B876-D6A61EFCE2E4}.Debug|Any CPU.ActiveCfg = Debug|Any CPU
		{388DF4DE-096A-4DEC-B876-D6A61EFCE2E4}.Debug|Any CPU.Build.0 = Debug|Any CPU
		{388DF4DE-096A-4DEC-B876-D6A61EFCE2E4}.Release|Any CPU.ActiveCfg = Release|Any CPU
		{388DF4DE-096A-4DEC-B876-D6A61EFCE2E4}.Release|Any CPU.Build.0 = Release|Any CPU
	EndGlobalSection
	GlobalSection(SolutionProperties) = preSolution
		HideSolutionNode = FALSE
	EndGlobalSection
EndGlobal
